// !$*UTF8*$!
{
	archiveVersion = 1;
	classes = {
	};
	objectVersion = 46;
	objects = {

/* Begin PBXBuildFile section */
		E468D03C1DDFA31600A89B10 /* AppDelegate.swift in Sources */ = {isa = PBXBuildFile; fileRef = E468D03B1DDFA31600A89B10 /* AppDelegate.swift */; };
		E468D03E1DDFA31600A89B10 /* ViewController.swift in Sources */ = {isa = PBXBuildFile; fileRef = E468D03D1DDFA31600A89B10 /* ViewController.swift */; };
		E468D0411DDFA31600A89B10 /* Main.storyboard in Resources */ = {isa = PBXBuildFile; fileRef = E468D03F1DDFA31600A89B10 /* Main.storyboard */; };
		E468D0431DDFA31600A89B10 /* Assets.xcassets in Resources */ = {isa = PBXBuildFile; fileRef = E468D0421DDFA31600A89B10 /* Assets.xcassets */; };
		E468D0461DDFA31600A89B10 /* LaunchScreen.storyboard in Resources */ = {isa = PBXBuildFile; fileRef = E468D0441DDFA31600A89B10 /* LaunchScreen.storyboard */; };
/* End PBXBuildFile section */

/* Begin PBXFileReference section */
		E468D0381DDFA31600A89B10 /* DCLandmarks.app */ = {isa = PBXFileReference; explicitFileType = wrapper.application; includeInIndex = 0; path = DCLandmarks.app; sourceTree = BUILT_PRODUCTS_DIR; };
		E468D03B1DDFA31600A89B10 /* AppDelegate.swift */ = {isa = PBXFileReference; lastKnownFileType = sourcecode.swift; path = AppDelegate.swift; sourceTree = "<group>"; };
		E468D03D1DDFA31600A89B10 /* ViewController.swift */ = {isa = PBXFileReference; lastKnownFileType = sourcecode.swift; path = ViewController.swift; sourceTree = "<group>"; };
		E468D0401DDFA31600A89B10 /* Base */ = {isa = PBXFileReference; lastKnownFileType = file.storyboard; name = Base; path = Base.lproj/Main.storyboard; sourceTree = "<group>"; };
		E468D0421DDFA31600A89B10 /* Assets.xcassets */ = {isa = PBXFileReference; lastKnownFileType = folder.assetcatalog; path = Assets.xcassets; sourceTree = "<group>"; };
		E468D0451DDFA31600A89B10 /* Base */ = {isa = PBXFileReference; lastKnownFileType = file.storyboard; name = Base; path = Base.lproj/LaunchScreen.storyboard; sourceTree = "<group>"; };
		E468D0471DDFA31600A89B10 /* Info.plist */ = {isa = PBXFileReference; lastKnownFileType = text.plist.xml; path = Info.plist; sourceTree = "<group>"; };
/* End PBXFileReference section */

/* Begin PBXFrameworksBuildPhase section */
		E468D0351DDFA31500A89B10 /* Frameworks */ = {
			isa = PBXFrameworksBuildPhase;
			buildActionMask = 2147483647;
			files = (
			);
			runOnlyForDeploymentPostprocessing = 0;
		};
/* End PBXFrameworksBuildPhase section */

/* Begin PBXGroup section */
		E468D02F1DDFA31500A89B10 = {
			isa = PBXGroup;
			children = (
				E468D03A1DDFA31600A89B10 /* DCLandmarks */,
				E468D0391DDFA31600A89B10 /* Products */,
			);
			sourceTree = "<group>";
		};
		E468D0391DDFA31600A89B10 /* Products */ = {
			isa = PBXGroup;
			children = (
				E468D0381DDFA31600A89B10 /* DCLandmarks.app */,
			);
			name = Products;
			sourceTree = "<group>";
		};
		E468D03A1DDFA31600A89B10 /* DCLandmarks */ = {
			isa = PBXGroup;
			children = (
				E468D03B1DDFA31600A89B10 /* AppDelegate.swift */,
				E468D03D1DDFA31600A89B10 /* ViewController.swift */,
				E468D03F1DDFA31600A89B10 /* Main.storyboard */,
				E468D0421DDFA31600A89B10 /* Assets.xcassets */,
				E468D0441DDFA31600A89B10 /* LaunchScreen.storyboard */,
				E468D0471DDFA31600A89B10 /* Info.plist */,
			);
			path = DCLandmarks;
			sourceTree = "<group>";
		};
/* End PBXGroup section */

/* Begin PBXNativeTarget section */
		E468D0371DDFA31500A89B10 /* DCLandmarks */ = {
			isa = PBXNativeTarget;
			buildConfigurationList = E468D04A1DDFA31600A89B10 /* Build configuration list for PBXNativeTarget "DCLandmarks" */;
			buildPhases = (
				E468D0341DDFA31500A89B10 /* Sources */,
				E468D0351DDFA31500A89B10 /* Frameworks */,
				E468D0361DDFA31500A89B10 /* Resources */,
			);
			buildRules = (
			);
			dependencies = (
			);
			name = DCLandmarks;
			productName = DCLandmarks;
			productReference = E468D0381DDFA31600A89B10 /* DCLandmarks.app */;
			productType = "com.apple.product-type.application";
		};
/* End PBXNativeTarget section */

/* Begin PBXProject section */
		E468D0301DDFA31500A89B10 /* Project object */ = {
			isa = PBXProject;
			attributes = {
				LastSwiftUpdateCheck = 0810;
				LastUpgradeCheck = 0810;
				ORGANIZATIONNAME = FlyGoody;
				TargetAttributes = {
					E468D0371DDFA31500A89B10 = {
						CreatedOnToolsVersion = 8.1;
						DevelopmentTeam = 8P48YRNL43;
						ProvisioningStyle = Automatic;
					};
				};
			};
			buildConfigurationList = E468D0331DDFA31500A89B10 /* Build configuration list for PBXProject "DCLandmarks" */;
			compatibilityVersion = "Xcode 3.2";
			developmentRegion = English;
			hasScannedForEncodings = 0;
			knownRegions = (
				en,
				Base,
			);
			mainGroup = E468D02F1DDFA31500A89B10;
			productRefGroup = E468D0391DDFA31600A89B10 /* Products */;
			projectDirPath = "";
			projectRoot = "";
			targets = (
				E468D0371DDFA31500A89B10 /* DCLandmarks */,
			);
		};
/* End PBXProject section */

/* Begin PBXResourcesBuildPhase section */
		E468D0361DDFA31500A89B10 /* Resources */ = {
			isa = PBXResourcesBuildPhase;
			buildActionMask = 2147483647;
			files = (
				E468D0461DDFA31600A89B10 /* LaunchScreen.storyboard in Resources */,
				E468D0431DDFA31600A89B10 /* Assets.xcassets in Resources */,
				E468D0411DDFA31600A89B10 /* Main.storyboard in Resources */,
			);
			runOnlyForDeploymentPostprocessing = 0;
		};
/* End PBXResourcesBuildPhase section */

/* Begin PBXSourcesBuildPhase section */
		E468D0341DDFA31500A89B10 /* Sources */ = {
			isa = PBXSourcesBuildPhase;
			buildActionMask = 2147483647;
			files = (
				E468D03E1DDFA31600A89B10 /* ViewController.swift in Sources */,
				E468D03C1DDFA31600A89B10 /* AppDelegate.swift in Sources */,
			);
			runOnlyForDeploymentPostprocessing = 0;
		};
/* End PBXSourcesBuildPhase section */

/* Begin PBXVariantGroup section */
		E468D03F1DDFA31600A89B10 /* Main.storyboard */ = {
			isa = PBXVariantGroup;
			children = (
				E468D0401DDFA31600A89B10 /* Base */,
			);
			name = Main.storyboard;
			sourceTree = "<group>";
		};
		E468D0441DDFA31600A89B10 /* LaunchScreen.storyboard */ = {
			isa = PBXVariantGroup;
			children = (
				E468D0451DDFA31600A89B10 /* Base */,
			);
			name = LaunchScreen.storyboard;
			sourceTree = "<group>";
		};
/* End PBXVariantGroup section */

/* Begin XCBuildConfiguration section */
		E468D0481DDFA31600A89B10 /* Debug */ = {
			isa = XCBuildConfiguration;
			buildSettings = {
				ALWAYS_SEARCH_USER_PATHS = NO;
				CLANG_ANALYZER_NONNULL = YES;
				CLANG_CXX_LANGUAGE_STANDARD = "gnu++0x";
				CLANG_CXX_LIBRARY = "libc++";
				CLANG_ENABLE_MODULES = YES;
				CLANG_ENABLE_OBJC_ARC = YES;
				CLANG_WARN_BOOL_CONVERSION = YES;
				CLANG_WARN_CONSTANT_CONVERSION = YES;
				CLANG_WARN_DIRECT_OBJC_ISA_USAGE = YES_ERROR;
				CLANG_WARN_DOCUMENTATION_COMMENTS = YES;
				CLANG_WARN_EMPTY_BODY = YES;
				CLANG_WARN_ENUM_CONVERSION = YES;
				CLANG_WARN_INFINITE_RECURSION = YES;
				CLANG_WARN_INT_CONVERSION = YES;
				CLANG_WARN_OBJC_ROOT_CLASS = YES_ERROR;
				CLANG_WARN_SUSPICIOUS_MOVES = YES;
				CLANG_WARN_UNREACHABLE_CODE = YES;
				CLANG_WARN__DUPLICATE_METHOD_MATCH = YES;
				"CODE_SIGN_IDENTITY[sdk=iphoneos*]" = "iPhone Developer";
				COPY_PHASE_STRIP = NO;
				DEBUG_INFORMATION_FORMAT = dwarf;
				ENABLE_STRICT_OBJC_MSGSEND = YES;
				ENABLE_TESTABILITY = YES;
				GCC_C_LANGUAGE_STANDARD = gnu99;
				GCC_DYNAMIC_NO_PIC = NO;
				GCC_NO_COMMON_BLOCKS = YES;
				GCC_OPTIMIZATION_LEVEL = 0;
				GCC_PREPROCESSOR_DEFINITIONS = (
					"DEBUG=1",
					"$(inherited)",
				);
				GCC_WARN_64_TO_32_BIT_CONVERSION = YES;
				GCC_WARN_ABOUT_RETURN_TYPE = YES_ERROR;
				GCC_WARN_UNDECLARED_SELECTOR = YES;
				GCC_WARN_UNINITIALIZED_AUTOS = YES_AGGRESSIVE;
				GCC_WARN_UNUSED_FUNCTION = YES;
				GCC_WARN_UNUSED_VARIABLE = YES;
				IPHONEOS_DEPLOYMENT_TARGET = 10.1;
				MTL_ENABLE_DEBUG_INFO = YES;
				ONLY_ACTIVE_ARCH = YES;
				SDKROOT = iphoneos;
				SWIFT_ACTIVE_COMPILATION_CONDITIONS = DEBUG;
				SWIFT_OPTIMIZATION_LEVEL = "-Onone";
				TARGETED_DEVICE_FAMILY = "1,2";
			};
			name = Debug;
		};
		E468D0491DDFA31600A89B10 /* Release */ = {
			isa = XCBuildConfiguration;
			buildSettings = {
				ALWAYS_SEARCH_USER_PATHS = NO;
				CLANG_ANALYZER_NONNULL = YES;
				CLANG_CXX_LANGUAGE_STANDARD = "gnu++0x";
				CLANG_CXX_LIBRARY = "libc++";
				CLANG_ENABLE_MODULES = YES;
				CLANG_ENABLE_OBJC_ARC = YES;
				CLANG_WARN_BOOL_CONVERSION = YES;
				CLANG_WARN_CONSTANT_CONVERSION = YES;
				CLANG_WARN_DIRECT_OBJC_ISA_USAGE = YES_ERROR;
				CLANG_WARN_DOCUMENTATION_COMMENTS = YES;
				CLANG_WARN_EMPTY_BODY = YES;
				CLANG_WARN_ENUM_CONVERSION = YES;
				CLANG_WARN_INFINITE_RECURSION = YES;
				CLANG_WARN_INT_CONVERSION = YES;
				CLANG_WARN_OBJC_ROOT_CLASS = YES_ERROR;
				CLANG_WARN_SUSPICIOUS_MOVES = YES;
				CLANG_WARN_UNREACHABLE_CODE = YES;
				CLANG_WARN__DUPLICATE_METHOD_MATCH = YES;
				"CODE_SIGN_IDENTITY[sdk=iphoneos*]" = "iPhone Developer";
				COPY_PHASE_STRIP = NO;
				DEBUG_INFORMATION_FORMAT = "dwarf-with-dsym";
				ENABLE_NS_ASSERTIONS = NO;
				ENABLE_STRICT_OBJC_MSGSEND = YES;
				GCC_C_LANGUAGE_STANDARD = gnu99;
				GCC_NO_COMMON_BLOCKS = YES;
				GCC_WARN_64_TO_32_BIT_CONVERSION = YES;
				GCC_WARN_ABOUT_RETURN_TYPE = YES_ERROR;
				GCC_WARN_UNDECLARED_SELECTOR = YES;
				GCC_WARN_UNINITIALIZED_AUTOS = YES_AGGRESSIVE;
				GCC_WARN_UNUSED_FUNCTION = YES;
				GCC_WARN_UNUSED_VARIABLE = YES;
				IPHONEOS_DEPLOYMENT_TARGET = 10.1;
				MTL_ENABLE_DEBUG_INFO = NO;
				SDKROOT = iphoneos;
				SWIFT_OPTIMIZATION_LEVEL = "-Owholemodule";
				TARGETED_DEVICE_FAMILY = "1,2";
				VALIDATE_PRODUCT = YES;
			};
			name = Release;
		};
		E468D04B1DDFA31600A89B10 /* Debug */ = {
			isa = XCBuildConfiguration;
			buildSettings = {
				ASSETCATALOG_COMPILER_APPICON_NAME = AppIcon;
				DEVELOPMENT_TEAM = 8P48YRNL43;
				INFOPLIST_FILE = DCLandmarks/Info.plist;
				LD_RUNPATH_SEARCH_PATHS = "$(inherited) @executable_path/Frameworks";
				PRODUCT_BUNDLE_IDENTIFIER = com.FlyGoody.DCLandmarks;
				PRODUCT_NAME = "$(TARGET_NAME)";
				SWIFT_VERSION = 3.0;
			};
			name = Debug;
		};
		E468D04C1DDFA31600A89B10 /* Release */ = {
			isa = XCBuildConfiguration;
			buildSettings = {
				ASSETCATALOG_COMPILER_APPICON_NAME = AppIcon;
				DEVELOPMENT_TEAM = 8P48YRNL43;
				INFOPLIST_FILE = DCLandmarks/Info.plist;
				LD_RUNPATH_SEARCH_PATHS = "$(inherited) @executable_path/Frameworks";
				PRODUCT_BUNDLE_IDENTIFIER = com.FlyGoody.DCLandmarks;
				PRODUCT_NAME = "$(TARGET_NAME)";
				SWIFT_VERSION = 3.0;
			};
			name = Release;
		};
/* End XCBuildConfiguration section */

/* Begin XCConfigurationList section */
		E468D0331DDFA31500A89B10 /* Build configuration list for PBXProject "DCLandmarks" */ = {
			isa = XCConfigurationList;
			buildConfigurations = (
				E468D0481DDFA31600A89B10 /* Debug */,
				E468D0491DDFA31600A89B10 /* Release */,
			);
			defaultConfigurationIsVisible = 0;
			defaultConfigurationName = Release;
		};
		E468D04A1DDFA31600A89B10 /* Build configuration list for PBXNativeTarget "DCLandmarks" */ = {
			isa = XCConfigurationList;
			buildConfigurations = (
				E468D04B1DDFA31600A89B10 /* Debug */,
				E468D04C1DDFA31600A89B10 /* Release */,
			);
			defaultConfigurationIsVisible = 0;
		};
/* End XCConfigurationList section */
	};
	rootObject = E468D0301DDFA31500A89B10 /* Project object */;
}
